
Microsoft Visual Studio Solution File, Format Version 11.00
# Visual Studio 2010
Project("{FAE04EC0-301F-11D3-BF4B-00C04F79EFBC}") = "ComplianceFactors", "ComplicanceFactor\ComplianceFactors.csproj", "{625073E6-EF46-409D-A121-2C7252932AA6}"
EndProject
Project("{FAE04EC0-301F-11D3-BF4B-00C04F79EFBC}") = "ComplianceFactors.BusinessComponent", "ComplicanceFactor.BusinessComponent\ComplianceFactors.BusinessComponent.csproj", "{844817C2-FF5B-4F99-A5E9-D88619987583}"
EndProject
Project("{FAE04EC0-301F-11D3-BF4B-00C04F79EFBC}") = "ComplianceFactors.DataAccessLayer", "ComplicanceFactor.DataAccessLayer\ComplianceFactors.DataAccessLayer.csproj", "{D6FE8164-2A14-4158-BC7B-F520D71E30EA}"
EndProject
Global
	GlobalSection(SolutionConfigurationPlatforms) = preSolution
		Debug|Any CPU = Debug|Any CPU
		Release|Any CPU = Release|Any CPU
	EndGlobalSection
	GlobalSection(ProjectConfigurationPlatforms) = postSolution
		{625073E6-EF46-409D-A121-2C7252932AA6}.Debug|Any CPU.ActiveCfg = Debug|Any CPU
		{625073E6-EF46-409D-A121-2C7252932AA6}.Debug|Any CPU.Build.0 = Debug|Any CPU
		{625073E6-EF46-409D-A121-2C7252932AA6}.Release|Any CPU.ActiveCfg = Release|Any CPU
		{625073E6-EF46-409D-A121-2C7252932AA6}.Release|Any CPU.Build.0 = Release|Any CPU
		{844817C2-FF5B-4F99-A5E9-D88619987583}.Debug|Any CPU.ActiveCfg = Debug|Any CPU
		{844817C2-FF5B-4F99-A5E9-D88619987583}.Debug|Any CPU.Build.0 = Debug|Any CPU
		{844817C2-FF5B-4F99-A5E9-D88619987583}.Release|Any CPU.ActiveCfg = Release|Any CPU
		{844817C2-FF5B-4F99-A5E9-D88619987583}.Release|Any CPU.Build.0 = Release|Any CPU
		{D6FE8164-2A14-4158-BC7B-F520D71E30EA}.Debug|Any CPU.ActiveCfg = Debug|Any CPU
		{D6FE8164-2A14-4158-BC7B-F520D71E30EA}.Debug|Any CPU.Build.0 = Debug|Any CPU
		{D6FE8164-2A14-4158-BC7B-F520D71E30EA}.Release|Any CPU.ActiveCfg = Release|Any CPU
		{D6FE8164-2A14-4158-BC7B-F520D71E30EA}.Release|Any CPU.Build.0 = Release|Any CPU
	EndGlobalSection
	GlobalSection(SolutionProperties) = preSolution
		HideSolutionNode = FALSE
	EndGlobalSection
EndGlobal
